
Microsoft Visual Studio Solution File, Format Version 12.00
Project("{FAE04EC0-301F-11D3-BF4B-00C04F79EFBC}") = "Aco-Tsp", "Aco-Tsp\Aco-Tsp.csproj", "{14793A59-0123-49C6-8D81-0A82C4A07F95}"
EndProject
Project("{FAE04EC0-301F-11D3-BF4B-00C04F79EFBC}") = "Aco-Domain", "Aco-Domain\Aco-Domain.csproj", "{65357F68-A67F-4C93-9026-3690BAD785F3}"
EndProject
Global
	GlobalSection(SolutionConfigurationPlatforms) = preSolution
		Debug|Any CPU = Debug|Any CPU
		Release|Any CPU = Release|Any CPU
	EndGlobalSection
	GlobalSection(ProjectConfigurationPlatforms) = postSolution
		{14793A59-0123-49C6-8D81-0A82C4A07F95}.Debug|Any CPU.ActiveCfg = Debug|Any CPU
		{14793A59-0123-49C6-8D81-0A82C4A07F95}.Debug|Any CPU.Build.0 = Debug|Any CPU
		{14793A59-0123-49C6-8D81-0A82C4A07F95}.Release|Any CPU.ActiveCfg = Release|Any CPU
		{14793A59-0123-49C6-8D81-0A82C4A07F95}.Release|Any CPU.Build.0 = Release|Any CPU
		{65357F68-A67F-4C93-9026-3690BAD785F3}.Debug|Any CPU.ActiveCfg = Debug|Any CPU
		{65357F68-A67F-4C93-9026-3690BAD785F3}.Debug|Any CPU.Build.0 = Debug|Any CPU
		{65357F68-A67F-4C93-9026-3690BAD785F3}.Release|Any CPU.ActiveCfg = Release|Any CPU
		{65357F68-A67F-4C93-9026-3690BAD785F3}.Release|Any CPU.Build.0 = Release|Any CPU
	EndGlobalSection
EndGlobal
